PODS:
  - amplify_auth_cognito (0.0.1):
    - Flutter
    - FlutterMacOS
  - amplify_secure_storage (0.0.1):
    - FlutterMacOS
  - ditto_live (5.0.2):
    - DittoFlutter (= 5.0.2)
    - FlutterMacOS
  - DittoFlutter (5.0.2)
  - FlutterMacOS (1.0.0)
  - location (0.0.1):
    - FlutterMacOS
  - screen_retriever_macos (0.0.1):
    - FlutterMacOS

DEPENDENCIES:
  - amplify_auth_cognito (from `Flutter/ephemeral/.symlinks/plugins/amplify_auth_cognito/darwin`)
  - amplify_secure_storage (from `Flutter/ephemeral/.symlinks/plugins/amplify_secure_storage/macos`)
  - ditto_live (from `Flutter/ephemeral/.symlinks/plugins/ditto_live/macos`)
  - FlutterMacOS (from `Flutter/ephemeral`)
  - location (from `Flutter/ephemeral/.symlinks/plugins/location/macos`)
  - screen_retriever_macos (from `Flutter/ephemeral/.symlinks/plugins/screen_retriever_macos/macos`)

SPEC REPOS:
  trunk:
    - DittoFlutter

EXTERNAL SOURCES:
  amplify_auth_cognito:
    :path: Flutter/ephemeral/.symlinks/plugins/amplify_auth_cognito/darwin
  amplify_secure_storage:
    :path: Flutter/ephemeral/.symlinks/plugins/amplify_secure_storage/macos
  ditto_live:
    :path: Flutter/ephemeral/.symlinks/plugins/ditto_live/macos
  FlutterMacOS:
    :path: Flutter/ephemeral
  location:
    :path: Flutter/ephemeral/.symlinks/plugins/location/macos
  screen_retriever_macos:
    :path: Flutter/ephemeral/.symlinks/plugins/screen_retriever_macos/macos

SPEC CHECKSUMS:
  amplify_auth_cognito: b76a0e367489da2b9a3c6e5a8ec74a72a0a7cc2f
  amplify_secure_storage: a0f7269fd7bca15e77c30abae739000a990e8fcd
  ditto_live: b5a06dcb7849d9094a71555477b3ed62392f0903
  DittoFlutter: f780d1a73cebce21503e00f9016880d46722f901
  FlutterMacOS: d0db08ddef1a9af05a5ec4b724367152bb0500b1
  location: 7cdb0665bd6577d382b0a343acdadbcb7f964775
  screen_retriever_macos: 776e0fa5d42c6163d2bf772d22478df4b302b161

PODFILE CHECKSUM: 180da7a1dbc1d932db021ebc8007656e7c46dd99

COCOAPODS: 1.16.2
